
Microsoft Visual Studio Solution File, Format Version 11.00
# Visual Studio 2010
Project("{FAE04EC0-301F-11D3-BF4B-00C04F79EFBC}") = "KatEngine_F", "KatEngine_F\KatEngine_F.csproj", "{C089DA0F-EC8F-4685-BBEE-9FCDA2D2A81A}"
EndProject
Global
	GlobalSection(SolutionConfigurationPlatforms) = preSolution
		Debug|x86 = Debug|x86
		Release|x86 = Release|x86
	EndGlobalSection
	GlobalSection(ProjectConfigurationPlatforms) = postSolution
		{C089DA0F-EC8F-4685-BBEE-9FCDA2D2A81A}.Debug|x86.ActiveCfg = Debug|x86
		{C089DA0F-EC8F-4685-BBEE-9FCDA2D2A81A}.Debug|x86.Build.0 = Debug|x86
		{C089DA0F-EC8F-4685-BBEE-9FCDA2D2A81A}.Release|x86.ActiveCfg = Release|x86
		{C089DA0F-EC8F-4685-BBEE-9FCDA2D2A81A}.Release|x86.Build.0 = Release|x86
	EndGlobalSection
	GlobalSection(SolutionProperties) = preSolution
		HideSolutionNode = FALSE
	EndGlobalSection
EndGlobal
