<?xml version="1.0" encoding="utf-8"?>
<Project ToolsVersion="4.0" xmlns="http://schemas.microsoft.com/developer/msbuild/2003">
  <ItemGroup>
    <Filter Include="Source Files">
      <UniqueIdentifier>{4FC737F1-C7A5-4376-A066-2A32D752A2FF}</UniqueIdentifier>
      <Extensions>cpp;c;cc;cxx;def;odl;idl;hpj;bat;asm;asmx</Extensions>
    </Filter>
    <Filter Include="Header Files">
      <UniqueIdentifier>{93995380-89BD-4b04-88EB-625FBE52EBFB}</UniqueIdentifier>
      <Extensions>h;hh;hpp;hxx;hm;inl;inc;ipp;xsd</Extensions>
    </Filter>
    <Filter Include="Resource Files">
      <UniqueIdentifier>{67DA6AB6-F800-4c08-8B7A-83BB121AAD01}</UniqueIdentifier>
      <Extensions>rc;ico;cur;bmp;dlg;rc2;rct;bin;rgs;gif;jpg;jpeg;jpe;resx;tiff;tif;png;wav;mfcribbon-ms</Extensions>
    </Filter>
  </ItemGroup>
  <ItemGroup>
    <ClCompile Include="main.cpp">
      <Filter>Source Files</Filter>
    </ClCompile>
    <ClCompile Include="glad.c">
      <Filter>Source Files</Filter>
    </ClCompile>
    <ClCompile Include="Shaders\ProgramShader.cpp">
      <Filter>Source Files</Filter>
    </ClCompile>
    <ClCompile Include="Model.cpp">
      <Filter>Source Files</Filter>
    </ClCompile>
    <ClCompile Include="Mesh.cpp">
      <Filter>Source Files</Filter>
    </ClCompile>
    <ClCompile Include="Texture.cpp">
      <Filter>Source Files</Filter>
    </ClCompile>
    <ClCompile Include="Shader.cpp">
      <Filter>Source Files</Filter>
    </ClCompile>
    <ClCompile Include="Plane.cpp">
      <Filter>Source Files</Filter>
    </ClCompile>
    <ClCompile Include="PointCloud.cpp">
      <Filter>Source Files</Filter>
    </ClCompile>
  </ItemGroup>
  <ItemGroup>
    <ClInclude Include="messages.h">
      <Filter>Header Files</Filter>
    </ClInclude>
    <ClInclude Include="utils\io.h">
      <Filter>Header Files</Filter>
    </ClInclude>
    <ClInclude Include="ProgramShader.h">
      <Filter>Header Files</Filter>
    </ClInclude>
    <ClInclude Include="Model.h">
      <Filter>Header Files</Filter>
    </ClInclude>
    <ClInclude Include="Mesh.h">
      <Filter>Header Files</Filter>
    </ClInclude>
    <ClInclude Include="Texture.h">
      <Filter>Header Files</Filter>
    </ClInclude>
    <ClInclude Include="Shader.h">
      <Filter>Header Files</Filter>
    </ClInclude>
    <ClInclude Include="Plane.h">
      <Filter>Header Files</Filter>
    </ClInclude>
    <ClInclude Include="PointCloud.h">
      <Filter>Header Files</Filter>
    </ClInclude>
  </ItemGroup>
  <ItemGroup>
    <None Include="vcfshaders\fractal\dark.frag" />
    <None Include="vcfshaders\fractal\dark.geom" />
    <None Include="vcfshaders\fractal\dark.vert" />
    <None Include="vcfshaders\base.frag" />
    <None Include="vcfshaders\base.vert" />
    <None Include="vcfshaders\base_interp.vert" />
    <None Include="vcfshaders\basic.frag" />
    <None Include="vcfshaders\basic.vert" />
    <None Include="vcfshaders\csbase.comp" />
    <None Include="vcfshaders\csbase.frag" />
    <None Include="vcfshaders\csbase.vert" />
    <None Include="vcfshaders\raymarch.comp" />
    <None Include="vcfshaders\raytrace.glsl" />
    <None Include="vcfshaders\rmd - Copy.comp" />
    <None Include="vcfshaders\rmd.comp" />
    <None Include="vcfshaders\rmd_prealpha.comp" />
    <None Include="vcfshaders\shaderStartMultL.frag" />
    <None Include="vcfshaders\shaderStartMultL.vert" />
    <None Include="vcfshaders\tes.geom" />
    <None Include="vcfshaders\scGeom\dark.frag" />
    <None Include="vcfshaders\scGeom\dark.geom" />
    <None Include="vcfshaders\scGeom\dark.vert" />
    <None Include="vcfshaders\mainTitle.frag" />
    <None Include="vcfshaders\objGen.comp" />
    <None Include="vcfshaders\onemore.vert" />
    <None Include="vcfshaders\onemore.frag" />
  </ItemGroup>
</Project>